
Microsoft Visual Studio Solution File, Format Version 12.00
# Visual Studio Version 17
VisualStudioVersion = 17.5.002.0
MinimumVisualStudioVersion = 10.0.40219.1
Project("{9A19103F-16F7-4668-BE54-9A1E7A4F7556}") = "HomeOffice", "HomeOffice\HomeOffice.csproj", "{3DE1E41D-6095-40FA-AB2D-6D5B6A84D369}"
EndProject
Project("{9A19103F-16F7-4668-BE54-9A1E7A4F7556}") = "HomeOffice.Core", "HomeOffice.Core\HomeOffice.Core.csproj", "{98F6DB4F-39D3-4097-9CE5-D607BAD7B010}"
EndProject
Project("{9A19103F-16F7-4668-BE54-9A1E7A4F7556}") = "HomeOffice.Data", "HomeOffice.Data\HomeOffice.Data.csproj", "{099B8229-6DCF-4EF3-B819-07F008A51A83}"
EndProject
Global
	GlobalSection(SolutionConfigurationPlatforms) = preSolution
		Debug|Any CPU = Debug|Any CPU
		Release|Any CPU = Release|Any CPU
	EndGlobalSection
	GlobalSection(ProjectConfigurationPlatforms) = postSolution
		{3DE1E41D-6095-40FA-AB2D-6D5B6A84D369}.Debug|Any CPU.ActiveCfg = Debug|Any CPU
		{3DE1E41D-6095-40FA-AB2D-6D5B6A84D369}.Debug|Any CPU.Build.0 = Debug|Any CPU
		{3DE1E41D-6095-40FA-AB2D-6D5B6A84D369}.Release|Any CPU.ActiveCfg = Release|Any CPU
		{3DE1E41D-6095-40FA-AB2D-6D5B6A84D369}.Release|Any CPU.Build.0 = Release|Any CPU
		{98F6DB4F-39D3-4097-9CE5-D607BAD7B010}.Debug|Any CPU.ActiveCfg = Debug|Any CPU
		{98F6DB4F-39D3-4097-9CE5-D607BAD7B010}.Debug|Any CPU.Build.0 = Debug|Any CPU
		{98F6DB4F-39D3-4097-9CE5-D607BAD7B010}.Release|Any CPU.ActiveCfg = Release|Any CPU
		{98F6DB4F-39D3-4097-9CE5-D607BAD7B010}.Release|Any CPU.Build.0 = Release|Any CPU
		{099B8229-6DCF-4EF3-B819-07F008A51A83}.Debug|Any CPU.ActiveCfg = Debug|Any CPU
		{099B8229-6DCF-4EF3-B819-07F008A51A83}.Debug|Any CPU.Build.0 = Debug|Any CPU
		{099B8229-6DCF-4EF3-B819-07F008A51A83}.Release|Any CPU.ActiveCfg = Release|Any CPU
		{099B8229-6DCF-4EF3-B819-07F008A51A83}.Release|Any CPU.Build.0 = Release|Any CPU
	EndGlobalSection
	GlobalSection(SolutionProperties) = preSolution
		HideSolutionNode = FALSE
	EndGlobalSection
	GlobalSection(ExtensibilityGlobals) = postSolution
		SolutionGuid = {424F2761-4D37-4AB0-893D-6954D0DEC5B1}
	EndGlobalSection
EndGlobal
